
Microsoft Visual Studio Solution File, Format Version 12.00
# Visual Studio 14
VisualStudioVersion = 14.0.25420.1
MinimumVisualStudioVersion = 10.0.40219.1
Project("{FAE04EC0-301F-11D3-BF4B-00C04F79EFBC}") = "SHOLETest", "SHOLETest.csproj", "{BAAC6110-9D0C-474E-A202-DFB5FAD0987A}"
EndProject
Project("{FAE04EC0-301F-11D3-BF4B-00C04F79EFBC}") = "SHOLE", "..\SHOLE\SHOLE.csproj", "{A9945CCC-69EE-4F66-BDD6-5EB0433BD3DF}"
EndProject
Global
	GlobalSection(SolutionConfigurationPlatforms) = preSolution
		Debug|Any CPU = Debug|Any CPU
		Release|Any CPU = Release|Any CPU
	EndGlobalSection
	GlobalSection(ProjectConfigurationPlatforms) = postSolution
		{BAAC6110-9D0C-474E-A202-DFB5FAD0987A}.Debug|Any CPU.ActiveCfg = Debug|Any CPU
		{BAAC6110-9D0C-474E-A202-DFB5FAD0987A}.Debug|Any CPU.Build.0 = Debug|Any CPU
		{BAAC6110-9D0C-474E-A202-DFB5FAD0987A}.Release|Any CPU.ActiveCfg = Release|Any CPU
		{BAAC6110-9D0C-474E-A202-DFB5FAD0987A}.Release|Any CPU.Build.0 = Release|Any CPU
		{A9945CCC-69EE-4F66-BDD6-5EB0433BD3DF}.Debug|Any CPU.ActiveCfg = Debug|Any CPU
		{A9945CCC-69EE-4F66-BDD6-5EB0433BD3DF}.Debug|Any CPU.Build.0 = Debug|Any CPU
		{A9945CCC-69EE-4F66-BDD6-5EB0433BD3DF}.Release|Any CPU.ActiveCfg = Release|Any CPU
		{A9945CCC-69EE-4F66-BDD6-5EB0433BD3DF}.Release|Any CPU.Build.0 = Release|Any CPU
	EndGlobalSection
	GlobalSection(SolutionProperties) = preSolution
		HideSolutionNode = FALSE
	EndGlobalSection
EndGlobal
